{
  "version": 4,
  "terraform_version": "1.9.7",
  "serial": 38,
  "lineage": "eb1ee23d-7f54-b277-4aa6-a518429d2dbf",
  "outputs": {},
  "resources": [
    {
      "mode": "managed",
      "type": "google_project",
      "name": "project",
      "provider": "provider[\"registry.terraform.io/hashicorp/google\"]",
      "instances": [
        {
          "schema_version": 1,
          "attributes": {
            "auto_create_network": true,
            "billing_account": "012491-3DB811-031788",
            "folder_id": null,
            "id": "projects/tairaformehe",
            "labels": {},
            "name": "tairaformehe",
            "number": "157135262176",
            "org_id": "",
            "project_id": "tairaformehe",
            "skip_delete": null,
            "timeouts": null
          },
          "sensitive_attributes": [],
          "private": "eyJlMmJmYjczMC1lY2FhLTExZTYtOGY4OC0zNDM2M2JjN2M0YzAiOnsiY3JlYXRlIjo2MDAwMDAwMDAwMDAsImRlbGV0ZSI6NjAwMDAwMDAwMDAwLCJyZWFkIjo2MDAwMDAwMDAwMDAsInVwZGF0ZSI6NjAwMDAwMDAwMDAwfSwic2NoZW1hX3ZlcnNpb24iOiIxIn0="
        }
      ]
    },
    {
      "mode": "managed",
      "type": "google_project_service",
      "name": "cloud_run_api",
      "provider": "provider[\"registry.terraform.io/hashicorp/google\"]",
      "instances": [
        {
          "schema_version": 0,
          "attributes": {
            "disable_dependent_services": null,
            "disable_on_destroy": true,
            "id": "tairaformehe/run.googleapis.com",
            "project": "tairaformehe",
            "service": "run.googleapis.com",
            "timeouts": null
          },
          "sensitive_attributes": [],
          "private": "eyJlMmJmYjczMC1lY2FhLTExZTYtOGY4OC0zNDM2M2JjN2M0YzAiOnsiY3JlYXRlIjoxMjAwMDAwMDAwMDAwLCJkZWxldGUiOjEyMDAwMDAwMDAwMDAsInJlYWQiOjYwMDAwMDAwMDAwMCwidXBkYXRlIjoxMjAwMDAwMDAwMDAwfX0="
        }
      ]
    },
    {
      "mode": "managed",
      "type": "google_storage_bucket",
      "name": "codehs",
      "provider": "provider[\"registry.terraform.io/hashicorp/google\"]",
      "instances": [
        {
          "schema_version": 0,
          "attributes": {
            "autoclass": [],
            "cors": [],
            "custom_placement_config": [],
            "default_event_based_hold": false,
            "encryption": [],
            "force_destroy": true,
            "id": "codehs",
            "labels": {},
            "lifecycle_rule": [],
            "location": "EUROPE-WEST9",
            "logging": [],
            "name": "codehs",
            "project": "tairaformehe",
            "public_access_prevention": "inherited",
            "requester_pays": false,
            "retention_policy": [],
            "self_link": "https://www.googleapis.com/storage/v1/b/codehs",
            "storage_class": "STANDARD",
            "timeouts": null,
            "uniform_bucket_level_access": true,
            "url": "gs://codehs",
            "versioning": [],
            "website": []
          },
          "sensitive_attributes": [],
          "private": "eyJlMmJmYjczMC1lY2FhLTExZTYtOGY4OC0zNDM2M2JjN2M0YzAiOnsiY3JlYXRlIjoyNDAwMDAwMDAwMDAsInJlYWQiOjI0MDAwMDAwMDAwMCwidXBkYXRlIjoyNDAwMDAwMDAwMDB9fQ=="
        }
      ]
    },
    {
      "mode": "managed",
      "type": "google_storage_bucket",
      "name": "perkais",
      "provider": "provider[\"registry.terraform.io/hashicorp/google\"]",
      "instances": [
        {
          "schema_version": 0,
          "attributes": {
            "autoclass": [],
            "cors": [],
            "custom_placement_config": [],
            "default_event_based_hold": false,
            "encryption": [],
            "force_destroy": true,
            "id": "perkais",
            "labels": {},
            "lifecycle_rule": [],
            "location": "EUROPE-WEST9",
            "logging": [],
            "name": "perkais",
            "project": "tairaformehe",
            "public_access_prevention": "inherited",
            "requester_pays": false,
            "retention_policy": [],
            "self_link": "https://www.googleapis.com/storage/v1/b/perkais",
            "storage_class": "STANDARD",
            "timeouts": null,
            "uniform_bucket_level_access": false,
            "url": "gs://perkais",
            "versioning": [],
            "website": []
          },
          "sensitive_attributes": [],
          "private": "eyJlMmJmYjczMC1lY2FhLTExZTYtOGY4OC0zNDM2M2JjN2M0YzAiOnsiY3JlYXRlIjoyNDAwMDAwMDAwMDAsInJlYWQiOjI0MDAwMDAwMDAwMCwidXBkYXRlIjoyNDAwMDAwMDAwMDB9fQ=="
        }
      ]
    },
    {
      "mode": "managed",
      "type": "google_storage_bucket",
      "name": "saissvais",
      "provider": "provider[\"registry.terraform.io/hashicorp/google\"]",
      "instances": [
        {
          "schema_version": 0,
          "attributes": {
            "autoclass": [],
            "cors": [],
            "custom_placement_config": [],
            "default_event_based_hold": false,
            "encryption": [],
            "force_destroy": true,
            "id": "saissvais",
            "labels": {},
            "lifecycle_rule": [],
            "location": "EUROPE-WEST9",
            "logging": [],
            "name": "saissvais",
            "project": "tairaformehe",
            "public_access_prevention": "inherited",
            "requester_pays": false,
            "retention_policy": [],
            "self_link": "https://www.googleapis.com/storage/v1/b/saissvais",
            "storage_class": "STANDARD",
            "timeouts": null,
            "uniform_bucket_level_access": false,
            "url": "gs://saissvais",
            "versioning": [],
            "website": []
          },
          "sensitive_attributes": [],
          "private": "eyJlMmJmYjczMC1lY2FhLTExZTYtOGY4OC0zNDM2M2JjN2M0YzAiOnsiY3JlYXRlIjoyNDAwMDAwMDAwMDAsInJlYWQiOjI0MDAwMDAwMDAwMCwidXBkYXRlIjoyNDAwMDAwMDAwMDB9fQ=="
        }
      ]
    },
    {
      "mode": "managed",
      "type": "google_storage_bucket_object",
      "name": "clients",
      "provider": "provider[\"registry.terraform.io/hashicorp/google\"]",
      "instances": [
        {
          "schema_version": 0,
          "attributes": {
            "bucket": "saissvais",
            "cache_control": "",
            "content": null,
            "content_disposition": "",
            "content_encoding": "",
            "content_language": "",
            "content_type": "text/plain",
            "crc32c": "CyHV8A==",
            "customer_encryption": [],
            "detect_md5hash": "icmPeKBQOhAZy0MfBnvR5Q==",
            "event_based_hold": false,
            "id": "saissvais-clients.csv",
            "kms_key_name": "",
            "md5hash": "icmPeKBQOhAZy0MfBnvR5Q==",
            "media_link": "https://storage.googleapis.com/download/storage/v1/b/saissvais/o/clients.csv?generation=1728656874608932\u0026alt=media",
            "metadata": {},
            "name": "clients.csv",
            "output_name": "clients.csv",
            "self_link": "https://www.googleapis.com/storage/v1/b/saissvais/o/clients.csv",
            "source": "data/clients.csv",
            "storage_class": "STANDARD",
            "temporary_hold": false,
            "timeouts": null
          },
          "sensitive_attributes": [
            [
              {
                "type": "get_attr",
                "value": "content"
              }
            ]
          ],
          "private": "eyJlMmJmYjczMC1lY2FhLTExZTYtOGY4OC0zNDM2M2JjN2M0YzAiOnsiY3JlYXRlIjoyNDAwMDAwMDAwMDAsImRlbGV0ZSI6MjQwMDAwMDAwMDAwLCJ1cGRhdGUiOjI0MDAwMDAwMDAwMH19",
          "dependencies": [
            "google_storage_bucket.saissvais"
          ]
        }
      ]
    },
    {
      "mode": "managed",
      "type": "google_storage_bucket_object",
      "name": "codezip",
      "provider": "provider[\"registry.terraform.io/hashicorp/google\"]",
      "instances": [
        {
          "schema_version": 0,
          "attributes": {
            "bucket": "codehs",
            "cache_control": "",
            "content": null,
            "content_disposition": "",
            "content_encoding": "",
            "content_language": "",
            "content_type": "application/zip",
            "crc32c": "q9bJ/Q==",
            "customer_encryption": [],
            "detect_md5hash": "mMDcNez9nR/S/a3g9G3Kjw==",
            "event_based_hold": false,
            "id": "codehs-code.zip",
            "kms_key_name": "",
            "md5hash": "mMDcNez9nR/S/a3g9G3Kjw==",
            "media_link": "https://storage.googleapis.com/download/storage/v1/b/codehs/o/code.zip?generation=1728656997740680\u0026alt=media",
            "metadata": {},
            "name": "code.zip",
            "output_name": "code.zip",
            "self_link": "https://www.googleapis.com/storage/v1/b/codehs/o/code.zip",
            "source": "data/code.zip",
            "storage_class": "STANDARD",
            "temporary_hold": false,
            "timeouts": null
          },
          "sensitive_attributes": [
            [
              {
                "type": "get_attr",
                "value": "content"
              }
            ]
          ],
          "private": "eyJlMmJmYjczMC1lY2FhLTExZTYtOGY4OC0zNDM2M2JjN2M0YzAiOnsiY3JlYXRlIjoyNDAwMDAwMDAwMDAsImRlbGV0ZSI6MjQwMDAwMDAwMDAwLCJ1cGRhdGUiOjI0MDAwMDAwMDAwMH19",
          "dependencies": [
            "google_storage_bucket.codehs"
          ]
        }
      ]
    },
    {
      "mode": "managed",
      "type": "google_storage_bucket_object",
      "name": "produits",
      "provider": "provider[\"registry.terraform.io/hashicorp/google\"]",
      "instances": [
        {
          "schema_version": 0,
          "attributes": {
            "bucket": "saissvais",
            "cache_control": "",
            "content": null,
            "content_disposition": "",
            "content_encoding": "",
            "content_language": "",
            "content_type": "text/plain",
            "crc32c": "nzXfXQ==",
            "customer_encryption": [],
            "detect_md5hash": "Vf9nTj8W79X8qiqDUtGghQ==",
            "event_based_hold": false,
            "id": "saissvais-produits.csv",
            "kms_key_name": "",
            "md5hash": "Vf9nTj8W79X8qiqDUtGghQ==",
            "media_link": "https://storage.googleapis.com/download/storage/v1/b/saissvais/o/produits.csv?generation=1728656874611467\u0026alt=media",
            "metadata": {},
            "name": "produits.csv",
            "output_name": "produits.csv",
            "self_link": "https://www.googleapis.com/storage/v1/b/saissvais/o/produits.csv",
            "source": "data/produits.csv",
            "storage_class": "STANDARD",
            "temporary_hold": false,
            "timeouts": null
          },
          "sensitive_attributes": [
            [
              {
                "type": "get_attr",
                "value": "content"
              }
            ]
          ],
          "private": "eyJlMmJmYjczMC1lY2FhLTExZTYtOGY4OC0zNDM2M2JjN2M0YzAiOnsiY3JlYXRlIjoyNDAwMDAwMDAwMDAsImRlbGV0ZSI6MjQwMDAwMDAwMDAwLCJ1cGRhdGUiOjI0MDAwMDAwMDAwMH19",
          "dependencies": [
            "google_storage_bucket.saissvais"
          ]
        }
      ]
    },
    {
      "mode": "managed",
      "type": "google_storage_bucket_object",
      "name": "stocks",
      "provider": "provider[\"registry.terraform.io/hashicorp/google\"]",
      "instances": [
        {
          "schema_version": 0,
          "attributes": {
            "bucket": "saissvais",
            "cache_control": "",
            "content": null,
            "content_disposition": "",
            "content_encoding": "",
            "content_language": "",
            "content_type": "text/plain",
            "crc32c": "6bLwWQ==",
            "customer_encryption": [],
            "detect_md5hash": "fgJjMI9P0+aF+SnWcdgytA==",
            "event_based_hold": false,
            "id": "saissvais-stocks.csv",
            "kms_key_name": "",
            "md5hash": "fgJjMI9P0+aF+SnWcdgytA==",
            "media_link": "https://storage.googleapis.com/download/storage/v1/b/saissvais/o/stocks.csv?generation=1728656874510203\u0026alt=media",
            "metadata": {},
            "name": "stocks.csv",
            "output_name": "stocks.csv",
            "self_link": "https://www.googleapis.com/storage/v1/b/saissvais/o/stocks.csv",
            "source": "data/stocks.csv",
            "storage_class": "STANDARD",
            "temporary_hold": false,
            "timeouts": null
          },
          "sensitive_attributes": [
            [
              {
                "type": "get_attr",
                "value": "content"
              }
            ]
          ],
          "private": "eyJlMmJmYjczMC1lY2FhLTExZTYtOGY4OC0zNDM2M2JjN2M0YzAiOnsiY3JlYXRlIjoyNDAwMDAwMDAwMDAsImRlbGV0ZSI6MjQwMDAwMDAwMDAwLCJ1cGRhdGUiOjI0MDAwMDAwMDAwMH19",
          "dependencies": [
            "google_storage_bucket.saissvais"
          ]
        }
      ]
    },
    {
      "mode": "managed",
      "type": "google_storage_bucket_object",
      "name": "ventes",
      "provider": "provider[\"registry.terraform.io/hashicorp/google\"]",
      "instances": [
        {
          "schema_version": 0,
          "attributes": {
            "bucket": "saissvais",
            "cache_control": "",
            "content": null,
            "content_disposition": "",
            "content_encoding": "",
            "content_language": "",
            "content_type": "text/plain",
            "crc32c": "mxjXxQ==",
            "customer_encryption": [],
            "detect_md5hash": "yOTTmCfBSkOT0LDCTnEXyg==",
            "event_based_hold": false,
            "id": "saissvais-ventes.csv",
            "kms_key_name": "",
            "md5hash": "yOTTmCfBSkOT0LDCTnEXyg==",
            "media_link": "https://storage.googleapis.com/download/storage/v1/b/saissvais/o/ventes.csv?generation=1728656874609546\u0026alt=media",
            "metadata": {},
            "name": "ventes.csv",
            "output_name": "ventes.csv",
            "self_link": "https://www.googleapis.com/storage/v1/b/saissvais/o/ventes.csv",
            "source": "data/ventes.csv",
            "storage_class": "STANDARD",
            "temporary_hold": false,
            "timeouts": null
          },
          "sensitive_attributes": [
            [
              {
                "type": "get_attr",
                "value": "content"
              }
            ]
          ],
          "private": "eyJlMmJmYjczMC1lY2FhLTExZTYtOGY4OC0zNDM2M2JjN2M0YzAiOnsiY3JlYXRlIjoyNDAwMDAwMDAwMDAsImRlbGV0ZSI6MjQwMDAwMDAwMDAwLCJ1cGRhdGUiOjI0MDAwMDAwMDAwMH19",
          "dependencies": [
            "google_storage_bucket.saissvais"
          ]
        }
      ]
    }
  ],
  "check_results": null
}
